
Microsoft Visual Studio Solution File, Format Version 12.00
# Visual Studio 15
VisualStudioVersion = 15.0.28307.102
MinimumVisualStudioVersion = 10.0.40219.1
Project("{9A19103F-16F7-4668-BE54-9A1E7A4F7556}") = "ZENSURE.EHandWare.TopshelfServices", "ZENSURE.EHandWare.TopshelfServices\ZENSURE.EHandWare.TopshelfServices.csproj", "{8FCFF438-0055-492A-BEED-3026795C9864}"
EndProject
Project("{2150E333-8FDC-42A3-9474-1A3956D46DE8}") = "5.公共", "5.公共", "{6CA45AF1-E830-450A-ABA0-7F9D25DB4E87}"
EndProject
Project("{2150E333-8FDC-42A3-9474-1A3956D46DE8}") = "Common", "Common", "{F866B3D2-3600-4BB0-B840-55BF4277C862}"
EndProject
Project("{9A19103F-16F7-4668-BE54-9A1E7A4F7556}") = "ZENSURE.EHandWare.Common", "ZENSURE.EHandWare.Common\ZENSURE.EHandWare.Common.csproj", "{685ADDD8-AFC3-408F-870C-013147C0CB91}"
EndProject
Project("{9A19103F-16F7-4668-BE54-9A1E7A4F7556}") = "ZENSURE.EHandWare.ICommon", "ZENSURE.EHandWare.ICommon\ZENSURE.EHandWare.ICommon.csproj", "{4F6382E9-431B-4612-8046-D65B004A67D0}"
EndProject
Project("{2150E333-8FDC-42A3-9474-1A3956D46DE8}") = "1.模型", "1.模型", "{082B1031-40BD-469F-A93B-85CE3635EB2D}"
EndProject
Project("{9A19103F-16F7-4668-BE54-9A1E7A4F7556}") = "ZENSURE.EHandWare.Models", "ZENSURE.EHandWare.Models\ZENSURE.EHandWare.Models.csproj", "{14317B34-EAAB-426E-B9B1-DD97E248EB28}"
EndProject
Project("{9A19103F-16F7-4668-BE54-9A1E7A4F7556}") = "ZENSURE.EHandWare.Utils", "ZENSURE.EHandWare.Utils\ZENSURE.EHandWare.Utils.csproj", "{A71C3CF7-FA11-45BC-82C5-34DBED44DAAA}"
EndProject
Project("{2150E333-8FDC-42A3-9474-1A3956D46DE8}") = "4.执行", "4.执行", "{ADE44C4A-AEED-413A-90A3-2E8CFC361A68}"
EndProject
Project("{2150E333-8FDC-42A3-9474-1A3956D46DE8}") = "2.仓储", "2.仓储", "{43F704BB-3E9A-4B01-96AB-A84F6FC2CECA}"
EndProject
Project("{2150E333-8FDC-42A3-9474-1A3956D46DE8}") = "3.服务", "3.服务", "{ECFF22EA-4FE5-4B8F-B7B6-26F75488671C}"
EndProject
Project("{9A19103F-16F7-4668-BE54-9A1E7A4F7556}") = "ZENSURE.EHandWare.ListenExcete", "ZENSURE.EHandWare.ListenExcete\ZENSURE.EHandWare.ListenExcete.csproj", "{FEE238F5-F847-4465-ACB1-610D01EDED36}"
EndProject
Project("{2150E333-8FDC-42A3-9474-1A3956D46DE8}") = "6.主站", "6.主站", "{5C322BDB-A4AD-4FEE-AAFD-B691B5800477}"
EndProject
Project("{2150E333-8FDC-42A3-9474-1A3956D46DE8}") = "7.测试", "7.测试", "{7E616026-E82C-4C05-9A0A-CA9978E932CE}"
EndProject
Project("{FAE04EC0-301F-11D3-BF4B-00C04F79EFBC}") = "ZENSURE.EHandWare.Test", "ZENSURE.EHandWare.Test\ZENSURE.EHandWare.Test.csproj", "{05DE420A-8E7F-44EB-A7FF-6119A837D4EC}"
EndProject
Project("{FAE04EC0-301F-11D3-BF4B-00C04F79EFBC}") = "ZENSURE.EHandWare.TestModel", "ZENSURE.EHandWare.TestModel\ZENSURE.EHandWare.TestModel.csproj", "{ADA3D4E0-9B23-4616-AE35-BB3A3D6DE0A6}"
EndProject
Project("{FAE04EC0-301F-11D3-BF4B-00C04F79EFBC}") = "ZENSURE.EHandWare.Repository", "ZENSURE.EHandWare.Repository\ZENSURE.EHandWare.Repository.csproj", "{950CD231-EF3E-40E2-9378-0426D6353191}"
EndProject
Project("{FAE04EC0-301F-11D3-BF4B-00C04F79EFBC}") = "ZENSURE.EHandWare.IRepository", "ZENSURE.EHandWare.IRepository\ZENSURE.EHandWare.IRepository.csproj", "{70151A4A-8CA7-42A1-9D50-62F90063B05C}"
EndProject
Project("{FAE04EC0-301F-11D3-BF4B-00C04F79EFBC}") = "ZENSURE.EHandWare.Service", "ZENSURE.EHandWare.Service\ZENSURE.EHandWare.Service.csproj", "{E0D3B1FF-1398-401E-9E1D-38491ACEE2B0}"
EndProject
Project("{FAE04EC0-301F-11D3-BF4B-00C04F79EFBC}") = "ZENSURE.EHandWare.IService", "ZENSURE.EHandWare.IService\ZENSURE.EHandWare.IService.csproj", "{A3BEDA29-AE2C-4B56-A391-2C87AD85F1EF}"
EndProject
Global
	GlobalSection(SolutionConfigurationPlatforms) = preSolution
		Debug|Any CPU = Debug|Any CPU
		Release|Any CPU = Release|Any CPU
	EndGlobalSection
	GlobalSection(ProjectConfigurationPlatforms) = postSolution
		{8FCFF438-0055-492A-BEED-3026795C9864}.Debug|Any CPU.ActiveCfg = Debug|Any CPU
		{8FCFF438-0055-492A-BEED-3026795C9864}.Debug|Any CPU.Build.0 = Debug|Any CPU
		{8FCFF438-0055-492A-BEED-3026795C9864}.Release|Any CPU.ActiveCfg = Release|Any CPU
		{8FCFF438-0055-492A-BEED-3026795C9864}.Release|Any CPU.Build.0 = Release|Any CPU
		{685ADDD8-AFC3-408F-870C-013147C0CB91}.Debug|Any CPU.ActiveCfg = Debug|Any CPU
		{685ADDD8-AFC3-408F-870C-013147C0CB91}.Debug|Any CPU.Build.0 = Debug|Any CPU
		{685ADDD8-AFC3-408F-870C-013147C0CB91}.Release|Any CPU.ActiveCfg = Release|Any CPU
		{685ADDD8-AFC3-408F-870C-013147C0CB91}.Release|Any CPU.Build.0 = Release|Any CPU
		{4F6382E9-431B-4612-8046-D65B004A67D0}.Debug|Any CPU.ActiveCfg = Debug|Any CPU
		{4F6382E9-431B-4612-8046-D65B004A67D0}.Debug|Any CPU.Build.0 = Debug|Any CPU
		{4F6382E9-431B-4612-8046-D65B004A67D0}.Release|Any CPU.ActiveCfg = Release|Any CPU
		{4F6382E9-431B-4612-8046-D65B004A67D0}.Release|Any CPU.Build.0 = Release|Any CPU
		{14317B34-EAAB-426E-B9B1-DD97E248EB28}.Debug|Any CPU.ActiveCfg = Debug|Any CPU
		{14317B34-EAAB-426E-B9B1-DD97E248EB28}.Debug|Any CPU.Build.0 = Debug|Any CPU
		{14317B34-EAAB-426E-B9B1-DD97E248EB28}.Release|Any CPU.ActiveCfg = Release|Any CPU
		{14317B34-EAAB-426E-B9B1-DD97E248EB28}.Release|Any CPU.Build.0 = Release|Any CPU
		{A71C3CF7-FA11-45BC-82C5-34DBED44DAAA}.Debug|Any CPU.ActiveCfg = Debug|Any CPU
		{A71C3CF7-FA11-45BC-82C5-34DBED44DAAA}.Debug|Any CPU.Build.0 = Debug|Any CPU
		{A71C3CF7-FA11-45BC-82C5-34DBED44DAAA}.Release|Any CPU.ActiveCfg = Release|Any CPU
		{A71C3CF7-FA11-45BC-82C5-34DBED44DAAA}.Release|Any CPU.Build.0 = Release|Any CPU
		{FEE238F5-F847-4465-ACB1-610D01EDED36}.Debug|Any CPU.ActiveCfg = Debug|Any CPU
		{FEE238F5-F847-4465-ACB1-610D01EDED36}.Debug|Any CPU.Build.0 = Debug|Any CPU
		{FEE238F5-F847-4465-ACB1-610D01EDED36}.Release|Any CPU.ActiveCfg = Release|Any CPU
		{FEE238F5-F847-4465-ACB1-610D01EDED36}.Release|Any CPU.Build.0 = Release|Any CPU
		{05DE420A-8E7F-44EB-A7FF-6119A837D4EC}.Debug|Any CPU.ActiveCfg = Debug|Any CPU
		{05DE420A-8E7F-44EB-A7FF-6119A837D4EC}.Debug|Any CPU.Build.0 = Debug|Any CPU
		{05DE420A-8E7F-44EB-A7FF-6119A837D4EC}.Release|Any CPU.ActiveCfg = Release|Any CPU
		{05DE420A-8E7F-44EB-A7FF-6119A837D4EC}.Release|Any CPU.Build.0 = Release|Any CPU
		{ADA3D4E0-9B23-4616-AE35-BB3A3D6DE0A6}.Debug|Any CPU.ActiveCfg = Debug|Any CPU
		{ADA3D4E0-9B23-4616-AE35-BB3A3D6DE0A6}.Debug|Any CPU.Build.0 = Debug|Any CPU
		{ADA3D4E0-9B23-4616-AE35-BB3A3D6DE0A6}.Release|Any CPU.ActiveCfg = Release|Any CPU
		{ADA3D4E0-9B23-4616-AE35-BB3A3D6DE0A6}.Release|Any CPU.Build.0 = Release|Any CPU
		{950CD231-EF3E-40E2-9378-0426D6353191}.Debug|Any CPU.ActiveCfg = Debug|Any CPU
		{950CD231-EF3E-40E2-9378-0426D6353191}.Debug|Any CPU.Build.0 = Debug|Any CPU
		{950CD231-EF3E-40E2-9378-0426D6353191}.Release|Any CPU.ActiveCfg = Release|Any CPU
		{950CD231-EF3E-40E2-9378-0426D6353191}.Release|Any CPU.Build.0 = Release|Any CPU
		{70151A4A-8CA7-42A1-9D50-62F90063B05C}.Debug|Any CPU.ActiveCfg = Debug|Any CPU
		{70151A4A-8CA7-42A1-9D50-62F90063B05C}.Debug|Any CPU.Build.0 = Debug|Any CPU
		{70151A4A-8CA7-42A1-9D50-62F90063B05C}.Release|Any CPU.ActiveCfg = Release|Any CPU
		{70151A4A-8CA7-42A1-9D50-62F90063B05C}.Release|Any CPU.Build.0 = Release|Any CPU
		{E0D3B1FF-1398-401E-9E1D-38491ACEE2B0}.Debug|Any CPU.ActiveCfg = Debug|Any CPU
		{E0D3B1FF-1398-401E-9E1D-38491ACEE2B0}.Debug|Any CPU.Build.0 = Debug|Any CPU
		{E0D3B1FF-1398-401E-9E1D-38491ACEE2B0}.Release|Any CPU.ActiveCfg = Release|Any CPU
		{E0D3B1FF-1398-401E-9E1D-38491ACEE2B0}.Release|Any CPU.Build.0 = Release|Any CPU
		{A3BEDA29-AE2C-4B56-A391-2C87AD85F1EF}.Debug|Any CPU.ActiveCfg = Debug|Any CPU
		{A3BEDA29-AE2C-4B56-A391-2C87AD85F1EF}.Debug|Any CPU.Build.0 = Debug|Any CPU
		{A3BEDA29-AE2C-4B56-A391-2C87AD85F1EF}.Release|Any CPU.ActiveCfg = Release|Any CPU
		{A3BEDA29-AE2C-4B56-A391-2C87AD85F1EF}.Release|Any CPU.Build.0 = Release|Any CPU
	EndGlobalSection
	GlobalSection(SolutionProperties) = preSolution
		HideSolutionNode = FALSE
	EndGlobalSection
	GlobalSection(NestedProjects) = preSolution
		{8FCFF438-0055-492A-BEED-3026795C9864} = {5C322BDB-A4AD-4FEE-AAFD-B691B5800477}
		{F866B3D2-3600-4BB0-B840-55BF4277C862} = {6CA45AF1-E830-450A-ABA0-7F9D25DB4E87}
		{685ADDD8-AFC3-408F-870C-013147C0CB91} = {F866B3D2-3600-4BB0-B840-55BF4277C862}
		{4F6382E9-431B-4612-8046-D65B004A67D0} = {F866B3D2-3600-4BB0-B840-55BF4277C862}
		{14317B34-EAAB-426E-B9B1-DD97E248EB28} = {082B1031-40BD-469F-A93B-85CE3635EB2D}
		{A71C3CF7-FA11-45BC-82C5-34DBED44DAAA} = {6CA45AF1-E830-450A-ABA0-7F9D25DB4E87}
		{FEE238F5-F847-4465-ACB1-610D01EDED36} = {ADE44C4A-AEED-413A-90A3-2E8CFC361A68}
		{05DE420A-8E7F-44EB-A7FF-6119A837D4EC} = {7E616026-E82C-4C05-9A0A-CA9978E932CE}
		{ADA3D4E0-9B23-4616-AE35-BB3A3D6DE0A6} = {7E616026-E82C-4C05-9A0A-CA9978E932CE}
		{950CD231-EF3E-40E2-9378-0426D6353191} = {43F704BB-3E9A-4B01-96AB-A84F6FC2CECA}
		{70151A4A-8CA7-42A1-9D50-62F90063B05C} = {43F704BB-3E9A-4B01-96AB-A84F6FC2CECA}
		{E0D3B1FF-1398-401E-9E1D-38491ACEE2B0} = {ECFF22EA-4FE5-4B8F-B7B6-26F75488671C}
		{A3BEDA29-AE2C-4B56-A391-2C87AD85F1EF} = {ECFF22EA-4FE5-4B8F-B7B6-26F75488671C}
	EndGlobalSection
	GlobalSection(ExtensibilityGlobals) = postSolution
		SolutionGuid = {8142ADC0-C62B-4DCC-987E-3AF01006C430}
	EndGlobalSection
EndGlobal
